
Microsoft Visual Studio Solution File, Format Version 12.00
# Visual Studio Version 17
VisualStudioVersion = 17.2.32526.322
MinimumVisualStudioVersion = 10.0.40219.1
Project("{2150E333-8FDC-42A3-9474-1A3956D46DE8}") = "01 - Testes de unidade", "01 - Testes de unidade", "{C0874097-127C-4BB7-B7EF-64B16624BED1}"
EndProject
Project("{2150E333-8FDC-42A3-9474-1A3956D46DE8}") = "1.1 - Testes Basicos", "1.1 - Testes Basicos", "{CE9E11C9-378B-48D9-B5F4-C025C69E39D1}"
EndProject
Project("{9A19103F-16F7-4668-BE54-9A1E7A4F7556}") = "Demo", "01 - Testes de Unidades\Demo\Demo.csproj", "{B7D59A3A-63B3-4CC7-BEEC-21C7191FA85D}"
EndProject
Project("{9A19103F-16F7-4668-BE54-9A1E7A4F7556}") = "Demo.Teste", "01 - Testes de Unidades\Demo.Teste\Demo.Teste.csproj", "{1B65BC66-5631-472D-AE16-F8B8EE4977A9}"
EndProject
Project("{2150E333-8FDC-42A3-9474-1A3956D46DE8}") = "2.2 Features", "2.2 Features", "{6563E669-BDFB-4D47-BE16-F6813D6B60F9}"
EndProject
Project("{9A19103F-16F7-4668-BE54-9A1E7A4F7556}") = "Features", "Features\Features.csproj", "{43974F88-3388-45E8-8BE1-6FB8E1E60EBA}"
EndProject
Project("{9A19103F-16F7-4668-BE54-9A1E7A4F7556}") = "Features.Tests", "Features.Tests\Features.Tests.csproj", "{BC86C130-D1DF-4E5A-9317-94EA68DCAFE7}"
EndProject
Project("{2150E333-8FDC-42A3-9474-1A3956D46DE8}") = "02 - TDD", "02 - TDD", "{E9642F8E-5064-4E53-8B7E-4DABD200A997}"
EndProject
Project("{2150E333-8FDC-42A3-9474-1A3956D46DE8}") = "Tests", "Tests", "{7A81B137-27CF-4888-90F2-E4E3EC56933C}"
EndProject
Project("{9A19103F-16F7-4668-BE54-9A1E7A4F7556}") = "NerdStore.Vendas.Application.Tests", "NerdStore.Vendas.Application.Tests\NerdStore.Vendas.Application.Tests.csproj", "{4F8C36AF-C77C-4EC8-9DBA-B79DC05F1E09}"
EndProject
Project("{9A19103F-16F7-4668-BE54-9A1E7A4F7556}") = "NerdStore.Vendas.Domain.Tests", "NerdStore.Vendas.Domain.Tests\NerdStore.Vendas.Domain.Tests.csproj", "{CD3B64B5-EC6D-4438-9F9B-FF75AACBB489}"
EndProject
Project("{9A19103F-16F7-4668-BE54-9A1E7A4F7556}") = "NerdStore.Vendas.Application", "NerdStore.Vendas.Application\NerdStore.Vendas.Application.csproj", "{324760F6-D55A-46C6-8C40-7EDE51E7B6BD}"
EndProject
Project("{9A19103F-16F7-4668-BE54-9A1E7A4F7556}") = "NerdStore.Vendas.Data", "NerdStore.Vendas.Data\NerdStore.Vendas.Data.csproj", "{724311F0-10B0-4209-9FB1-07493A97101E}"
EndProject
Project("{9A19103F-16F7-4668-BE54-9A1E7A4F7556}") = "NerdStore.Vendas.Domain", "NerdStore.Vendas.Domain\NerdStore.Vendas.Domain.csproj", "{7F418155-E00A-4765-88D2-06BD2CF5F157}"
EndProject
Project("{2150E333-8FDC-42A3-9474-1A3956D46DE8}") = "03 - Testes de Integracao", "03 - Testes de Integracao", "{DFCB9B30-918D-47D6-802B-B9B6813C5AD4}"
EndProject
Project("{2150E333-8FDC-42A3-9474-1A3956D46DE8}") = "Integration Tests", "Integration Tests", "{D2ADA54B-0370-47CB-8D44-3F15626761F9}"
EndProject
Project("{9A19103F-16F7-4668-BE54-9A1E7A4F7556}") = "NerdStore.Catalogo.Application", "03 - Testes de Integracao\NerdStore.Catalogo.Application\NerdStore.Catalogo.Application.csproj", "{A43DAC0B-204F-4A66-9BC3-DF3FAF45D065}"
EndProject
Project("{9A19103F-16F7-4668-BE54-9A1E7A4F7556}") = "NerdStore.Catalogo.Data", "03 - Testes de Integracao\NerdStore.Catalogo.Data\NerdStore.Catalogo.Data.csproj", "{A691F39F-CD3A-4B2A-B65E-7966F8D63D8F}"
EndProject
Project("{9A19103F-16F7-4668-BE54-9A1E7A4F7556}") = "NerdStore.Catalogo.Domain", "03 - Testes de Integracao\NerdStore.Catalogo.Domain\NerdStore.Catalogo.Domain.csproj", "{97F9706B-169A-4D96-9CC9-90EBFAECF240}"
EndProject
Project("{9A19103F-16F7-4668-BE54-9A1E7A4F7556}") = "NerdStore.WebApp.Tests", "03 - Testes de Integracao\NerdStore.WebApp.Tests\NerdStore.WebApp.Tests.csproj", "{C441203F-DD3C-47C9-BAEF-C53D22CFF9CE}"
EndProject
Project("{2150E333-8FDC-42A3-9474-1A3956D46DE8}") = "04 - BDD", "04 - BDD", "{99C9F2EE-89FA-409E-9BE9-6217EE85175E}"
EndProject
Project("{9A19103F-16F7-4668-BE54-9A1E7A4F7556}") = "NerdStore.WebApp.MVC", "03 - Testes de Integracao\NerdStore.WebApp.MVC\NerdStore.WebApp.MVC.csproj", "{D574DC0F-6203-4B21-98C3-5FD5AC4CEF4F}"
EndProject
Project("{9A19103F-16F7-4668-BE54-9A1E7A4F7556}") = "NerdStore.Core", "NerdStore.Core\NerdStore.Core.csproj", "{210E091F-39D4-422F-A7A1-4C31B030342B}"
EndProject
Project("{9A19103F-16F7-4668-BE54-9A1E7A4F7556}") = "NerdStore.BDD.Tests", "04 - BDD\NerdStore.BDD.Tests\NerdStore.BDD.Tests.csproj", "{C04E4013-B877-42CC-9B31-25EA20625B4A}"
EndProject
Global
	GlobalSection(SolutionConfigurationPlatforms) = preSolution
		Debug|Any CPU = Debug|Any CPU
		Release|Any CPU = Release|Any CPU
	EndGlobalSection
	GlobalSection(ProjectConfigurationPlatforms) = postSolution
		{B7D59A3A-63B3-4CC7-BEEC-21C7191FA85D}.Debug|Any CPU.ActiveCfg = Debug|Any CPU
		{B7D59A3A-63B3-4CC7-BEEC-21C7191FA85D}.Debug|Any CPU.Build.0 = Debug|Any CPU
		{B7D59A3A-63B3-4CC7-BEEC-21C7191FA85D}.Release|Any CPU.ActiveCfg = Release|Any CPU
		{B7D59A3A-63B3-4CC7-BEEC-21C7191FA85D}.Release|Any CPU.Build.0 = Release|Any CPU
		{1B65BC66-5631-472D-AE16-F8B8EE4977A9}.Debug|Any CPU.ActiveCfg = Debug|Any CPU
		{1B65BC66-5631-472D-AE16-F8B8EE4977A9}.Debug|Any CPU.Build.0 = Debug|Any CPU
		{1B65BC66-5631-472D-AE16-F8B8EE4977A9}.Release|Any CPU.ActiveCfg = Release|Any CPU
		{1B65BC66-5631-472D-AE16-F8B8EE4977A9}.Release|Any CPU.Build.0 = Release|Any CPU
		{43974F88-3388-45E8-8BE1-6FB8E1E60EBA}.Debug|Any CPU.ActiveCfg = Debug|Any CPU
		{43974F88-3388-45E8-8BE1-6FB8E1E60EBA}.Debug|Any CPU.Build.0 = Debug|Any CPU
		{43974F88-3388-45E8-8BE1-6FB8E1E60EBA}.Release|Any CPU.ActiveCfg = Release|Any CPU
		{43974F88-3388-45E8-8BE1-6FB8E1E60EBA}.Release|Any CPU.Build.0 = Release|Any CPU
		{BC86C130-D1DF-4E5A-9317-94EA68DCAFE7}.Debug|Any CPU.ActiveCfg = Debug|Any CPU
		{BC86C130-D1DF-4E5A-9317-94EA68DCAFE7}.Debug|Any CPU.Build.0 = Debug|Any CPU
		{BC86C130-D1DF-4E5A-9317-94EA68DCAFE7}.Release|Any CPU.ActiveCfg = Release|Any CPU
		{BC86C130-D1DF-4E5A-9317-94EA68DCAFE7}.Release|Any CPU.Build.0 = Release|Any CPU
		{4F8C36AF-C77C-4EC8-9DBA-B79DC05F1E09}.Debug|Any CPU.ActiveCfg = Debug|Any CPU
		{4F8C36AF-C77C-4EC8-9DBA-B79DC05F1E09}.Debug|Any CPU.Build.0 = Debug|Any CPU
		{4F8C36AF-C77C-4EC8-9DBA-B79DC05F1E09}.Release|Any CPU.ActiveCfg = Release|Any CPU
		{4F8C36AF-C77C-4EC8-9DBA-B79DC05F1E09}.Release|Any CPU.Build.0 = Release|Any CPU
		{CD3B64B5-EC6D-4438-9F9B-FF75AACBB489}.Debug|Any CPU.ActiveCfg = Debug|Any CPU
		{CD3B64B5-EC6D-4438-9F9B-FF75AACBB489}.Debug|Any CPU.Build.0 = Debug|Any CPU
		{CD3B64B5-EC6D-4438-9F9B-FF75AACBB489}.Release|Any CPU.ActiveCfg = Release|Any CPU
		{CD3B64B5-EC6D-4438-9F9B-FF75AACBB489}.Release|Any CPU.Build.0 = Release|Any CPU
		{324760F6-D55A-46C6-8C40-7EDE51E7B6BD}.Debug|Any CPU.ActiveCfg = Debug|Any CPU
		{324760F6-D55A-46C6-8C40-7EDE51E7B6BD}.Debug|Any CPU.Build.0 = Debug|Any CPU
		{324760F6-D55A-46C6-8C40-7EDE51E7B6BD}.Release|Any CPU.ActiveCfg = Release|Any CPU
		{324760F6-D55A-46C6-8C40-7EDE51E7B6BD}.Release|Any CPU.Build.0 = Release|Any CPU
		{724311F0-10B0-4209-9FB1-07493A97101E}.Debug|Any CPU.ActiveCfg = Debug|Any CPU
		{724311F0-10B0-4209-9FB1-07493A97101E}.Debug|Any CPU.Build.0 = Debug|Any CPU
		{724311F0-10B0-4209-9FB1-07493A97101E}.Release|Any CPU.ActiveCfg = Release|Any CPU
		{724311F0-10B0-4209-9FB1-07493A97101E}.Release|Any CPU.Build.0 = Release|Any CPU
		{7F418155-E00A-4765-88D2-06BD2CF5F157}.Debug|Any CPU.ActiveCfg = Debug|Any CPU
		{7F418155-E00A-4765-88D2-06BD2CF5F157}.Debug|Any CPU.Build.0 = Debug|Any CPU
		{7F418155-E00A-4765-88D2-06BD2CF5F157}.Release|Any CPU.ActiveCfg = Release|Any CPU
		{7F418155-E00A-4765-88D2-06BD2CF5F157}.Release|Any CPU.Build.0 = Release|Any CPU
		{A43DAC0B-204F-4A66-9BC3-DF3FAF45D065}.Debug|Any CPU.ActiveCfg = Debug|Any CPU
		{A43DAC0B-204F-4A66-9BC3-DF3FAF45D065}.Debug|Any CPU.Build.0 = Debug|Any CPU
		{A43DAC0B-204F-4A66-9BC3-DF3FAF45D065}.Release|Any CPU.ActiveCfg = Release|Any CPU
		{A43DAC0B-204F-4A66-9BC3-DF3FAF45D065}.Release|Any CPU.Build.0 = Release|Any CPU
		{A691F39F-CD3A-4B2A-B65E-7966F8D63D8F}.Debug|Any CPU.ActiveCfg = Debug|Any CPU
		{A691F39F-CD3A-4B2A-B65E-7966F8D63D8F}.Debug|Any CPU.Build.0 = Debug|Any CPU
		{A691F39F-CD3A-4B2A-B65E-7966F8D63D8F}.Release|Any CPU.ActiveCfg = Release|Any CPU
		{A691F39F-CD3A-4B2A-B65E-7966F8D63D8F}.Release|Any CPU.Build.0 = Release|Any CPU
		{97F9706B-169A-4D96-9CC9-90EBFAECF240}.Debug|Any CPU.ActiveCfg = Debug|Any CPU
		{97F9706B-169A-4D96-9CC9-90EBFAECF240}.Debug|Any CPU.Build.0 = Debug|Any CPU
		{97F9706B-169A-4D96-9CC9-90EBFAECF240}.Release|Any CPU.ActiveCfg = Release|Any CPU
		{97F9706B-169A-4D96-9CC9-90EBFAECF240}.Release|Any CPU.Build.0 = Release|Any CPU
		{C441203F-DD3C-47C9-BAEF-C53D22CFF9CE}.Debug|Any CPU.ActiveCfg = Debug|Any CPU
		{C441203F-DD3C-47C9-BAEF-C53D22CFF9CE}.Debug|Any CPU.Build.0 = Debug|Any CPU
		{C441203F-DD3C-47C9-BAEF-C53D22CFF9CE}.Release|Any CPU.ActiveCfg = Release|Any CPU
		{C441203F-DD3C-47C9-BAEF-C53D22CFF9CE}.Release|Any CPU.Build.0 = Release|Any CPU
		{D574DC0F-6203-4B21-98C3-5FD5AC4CEF4F}.Debug|Any CPU.ActiveCfg = Debug|Any CPU
		{D574DC0F-6203-4B21-98C3-5FD5AC4CEF4F}.Debug|Any CPU.Build.0 = Debug|Any CPU
		{D574DC0F-6203-4B21-98C3-5FD5AC4CEF4F}.Release|Any CPU.ActiveCfg = Release|Any CPU
		{D574DC0F-6203-4B21-98C3-5FD5AC4CEF4F}.Release|Any CPU.Build.0 = Release|Any CPU
		{210E091F-39D4-422F-A7A1-4C31B030342B}.Debug|Any CPU.ActiveCfg = Debug|Any CPU
		{210E091F-39D4-422F-A7A1-4C31B030342B}.Debug|Any CPU.Build.0 = Debug|Any CPU
		{210E091F-39D4-422F-A7A1-4C31B030342B}.Release|Any CPU.ActiveCfg = Release|Any CPU
		{210E091F-39D4-422F-A7A1-4C31B030342B}.Release|Any CPU.Build.0 = Release|Any CPU
		{C04E4013-B877-42CC-9B31-25EA20625B4A}.Debug|Any CPU.ActiveCfg = Debug|Any CPU
		{C04E4013-B877-42CC-9B31-25EA20625B4A}.Debug|Any CPU.Build.0 = Debug|Any CPU
		{C04E4013-B877-42CC-9B31-25EA20625B4A}.Release|Any CPU.ActiveCfg = Release|Any CPU
		{C04E4013-B877-42CC-9B31-25EA20625B4A}.Release|Any CPU.Build.0 = Release|Any CPU
	EndGlobalSection
	GlobalSection(SolutionProperties) = preSolution
		HideSolutionNode = FALSE
	EndGlobalSection
	GlobalSection(NestedProjects) = preSolution
		{CE9E11C9-378B-48D9-B5F4-C025C69E39D1} = {C0874097-127C-4BB7-B7EF-64B16624BED1}
		{B7D59A3A-63B3-4CC7-BEEC-21C7191FA85D} = {CE9E11C9-378B-48D9-B5F4-C025C69E39D1}
		{1B65BC66-5631-472D-AE16-F8B8EE4977A9} = {CE9E11C9-378B-48D9-B5F4-C025C69E39D1}
		{6563E669-BDFB-4D47-BE16-F6813D6B60F9} = {C0874097-127C-4BB7-B7EF-64B16624BED1}
		{43974F88-3388-45E8-8BE1-6FB8E1E60EBA} = {6563E669-BDFB-4D47-BE16-F6813D6B60F9}
		{BC86C130-D1DF-4E5A-9317-94EA68DCAFE7} = {6563E669-BDFB-4D47-BE16-F6813D6B60F9}
		{7A81B137-27CF-4888-90F2-E4E3EC56933C} = {E9642F8E-5064-4E53-8B7E-4DABD200A997}
		{4F8C36AF-C77C-4EC8-9DBA-B79DC05F1E09} = {7A81B137-27CF-4888-90F2-E4E3EC56933C}
		{CD3B64B5-EC6D-4438-9F9B-FF75AACBB489} = {7A81B137-27CF-4888-90F2-E4E3EC56933C}
		{324760F6-D55A-46C6-8C40-7EDE51E7B6BD} = {E9642F8E-5064-4E53-8B7E-4DABD200A997}
		{724311F0-10B0-4209-9FB1-07493A97101E} = {E9642F8E-5064-4E53-8B7E-4DABD200A997}
		{7F418155-E00A-4765-88D2-06BD2CF5F157} = {E9642F8E-5064-4E53-8B7E-4DABD200A997}
		{D2ADA54B-0370-47CB-8D44-3F15626761F9} = {DFCB9B30-918D-47D6-802B-B9B6813C5AD4}
		{A43DAC0B-204F-4A66-9BC3-DF3FAF45D065} = {DFCB9B30-918D-47D6-802B-B9B6813C5AD4}
		{A691F39F-CD3A-4B2A-B65E-7966F8D63D8F} = {DFCB9B30-918D-47D6-802B-B9B6813C5AD4}
		{97F9706B-169A-4D96-9CC9-90EBFAECF240} = {DFCB9B30-918D-47D6-802B-B9B6813C5AD4}
		{C441203F-DD3C-47C9-BAEF-C53D22CFF9CE} = {D2ADA54B-0370-47CB-8D44-3F15626761F9}
		{D574DC0F-6203-4B21-98C3-5FD5AC4CEF4F} = {DFCB9B30-918D-47D6-802B-B9B6813C5AD4}
		{210E091F-39D4-422F-A7A1-4C31B030342B} = {E9642F8E-5064-4E53-8B7E-4DABD200A997}
		{C04E4013-B877-42CC-9B31-25EA20625B4A} = {99C9F2EE-89FA-409E-9BE9-6217EE85175E}
	EndGlobalSection
	GlobalSection(ExtensibilityGlobals) = postSolution
		SolutionGuid = {5683A9E5-AD3C-487B-B1FC-02835A30BC7B}
	EndGlobalSection
EndGlobal
